// !$*UTF8*$!
{
	archiveVersion = 1;
	classes = {
	};
	objectVersion = 56;
	objects = {

/* Begin PBXBuildFile section */
		CD0DA8692A58C227003999AE /* MenuList.swift in Sources */ = {isa = PBXBuildFile; fileRef = CD0DA8682A58C227003999AE /* MenuList.swift */; };
		CD0DA86B2A58D232003999AE /* Buttons.swift in Sources */ = {isa = PBXBuildFile; fileRef = CD0DA86A2A58D232003999AE /* Buttons.swift */; };
		CD68B4F52A573FD0008C4670 /* CardInfo.swift in Sources */ = {isa = PBXBuildFile; fileRef = CD68B4F42A573FD0008C4670 /* CardInfo.swift */; };
		CD68B4F72A579BE2008C4670 /* SplashScreenView.swift in Sources */ = {isa = PBXBuildFile; fileRef = CD68B4F62A579BE2008C4670 /* SplashScreenView.swift */; };
		CD6C1B202A509C59001C9230 /* suift_ui_courseApp.swift in Sources */ = {isa = PBXBuildFile; fileRef = CD6C1B1F2A509C59001C9230 /* suift_ui_courseApp.swift */; };
		CD6C1B222A509C59001C9230 /* ContentView.swift in Sources */ = {isa = PBXBuildFile; fileRef = CD6C1B212A509C59001C9230 /* ContentView.swift */; };
		CD6C1B242A509C5D001C9230 /* Assets.xcassets in Resources */ = {isa = PBXBuildFile; fileRef = CD6C1B232A509C5D001C9230 /* Assets.xcassets */; };
		CD6C1B282A509C5D001C9230 /* Preview Assets.xcassets in Resources */ = {isa = PBXBuildFile; fileRef = CD6C1B272A509C5D001C9230 /* Preview Assets.xcassets */; };
		CDA6C3A72A621896005F0B16 /* DatabaseService.swift in Sources */ = {isa = PBXBuildFile; fileRef = CDA6C3A62A621896005F0B16 /* DatabaseService.swift */; };
		CDCEE60E2A54DA3E0032ECD7 /* CustomCard.swift in Sources */ = {isa = PBXBuildFile; fileRef = CDCEE60D2A54DA3E0032ECD7 /* CustomCard.swift */; };
/* End PBXBuildFile section */

/* Begin PBXFileReference section */
		CD0DA8682A58C227003999AE /* MenuList.swift */ = {isa = PBXFileReference; lastKnownFileType = sourcecode.swift; path = MenuList.swift; sourceTree = "<group>"; };
		CD0DA86A2A58D232003999AE /* Buttons.swift */ = {isa = PBXFileReference; lastKnownFileType = sourcecode.swift; path = Buttons.swift; sourceTree = "<group>"; };
		CD68B4F42A573FD0008C4670 /* CardInfo.swift */ = {isa = PBXFileReference; lastKnownFileType = sourcecode.swift; path = CardInfo.swift; sourceTree = "<group>"; };
		CD68B4F62A579BE2008C4670 /* SplashScreenView.swift */ = {isa = PBXFileReference; lastKnownFileType = sourcecode.swift; path = SplashScreenView.swift; sourceTree = "<group>"; };
		CD6C1B1C2A509C59001C9230 /* suift_ui_course.app */ = {isa = PBXFileReference; explicitFileType = wrapper.application; includeInIndex = 0; path = suift_ui_course.app; sourceTree = BUILT_PRODUCTS_DIR; };
		CD6C1B1F2A509C59001C9230 /* suift_ui_courseApp.swift */ = {isa = PBXFileReference; lastKnownFileType = sourcecode.swift; path = suift_ui_courseApp.swift; sourceTree = "<group>"; };
		CD6C1B212A509C59001C9230 /* ContentView.swift */ = {isa = PBXFileReference; lastKnownFileType = sourcecode.swift; path = ContentView.swift; sourceTree = "<group>"; };
		CD6C1B232A509C5D001C9230 /* Assets.xcassets */ = {isa = PBXFileReference; lastKnownFileType = folder.assetcatalog; path = Assets.xcassets; sourceTree = "<group>"; };
		CD6C1B252A509C5D001C9230 /* suift_ui_course.entitlements */ = {isa = PBXFileReference; lastKnownFileType = text.plist.entitlements; path = suift_ui_course.entitlements; sourceTree = "<group>"; };
		CD6C1B272A509C5D001C9230 /* Preview Assets.xcassets */ = {isa = PBXFileReference; lastKnownFileType = folder.assetcatalog; path = "Preview Assets.xcassets"; sourceTree = "<group>"; };
		CDA6C3A62A621896005F0B16 /* DatabaseService.swift */ = {isa = PBXFileReference; lastKnownFileType = sourcecode.swift; path = DatabaseService.swift; sourceTree = "<group>"; };
		CDCEE60D2A54DA3E0032ECD7 /* CustomCard.swift */ = {isa = PBXFileReference; lastKnownFileType = sourcecode.swift; path = CustomCard.swift; sourceTree = "<group>"; };
/* End PBXFileReference section */

/* Begin PBXFrameworksBuildPhase section */
		CD6C1B192A509C59001C9230 /* Frameworks */ = {
			isa = PBXFrameworksBuildPhase;
			buildActionMask = 2147483647;
			files = (
			);
			runOnlyForDeploymentPostprocessing = 0;
		};
/* End PBXFrameworksBuildPhase section */

/* Begin PBXGroup section */
		CD0DA8672A58C17E003999AE /* Views */ = {
			isa = PBXGroup;
			children = (
				CD6C1B212A509C59001C9230 /* ContentView.swift */,
				CD68B4F62A579BE2008C4670 /* SplashScreenView.swift */,
				CD0DA8682A58C227003999AE /* MenuList.swift */,
			);
			path = Views;
			sourceTree = "<group>";
		};
		CD6C1B132A509C59001C9230 = {
			isa = PBXGroup;
			children = (
				CD6C1B1E2A509C59001C9230 /* suift_ui_course */,
				CD6C1B1D2A509C59001C9230 /* Products */,
			);
			sourceTree = "<group>";
		};
		CD6C1B1D2A509C59001C9230 /* Products */ = {
			isa = PBXGroup;
			children = (
				CD6C1B1C2A509C59001C9230 /* suift_ui_course.app */,
			);
			name = Products;
			sourceTree = "<group>";
		};
		CD6C1B1E2A509C59001C9230 /* suift_ui_course */ = {
			isa = PBXGroup;
			children = (
				CDA6C3A52A62186F005F0B16 /* Services */,
				CDA6C3A42A621819005F0B16 /* Model */,
				CDA6C3A32A6217BE005F0B16 /* ViewModel */,
				CD0DA8672A58C17E003999AE /* Views */,
				CDCEE60F2A54DB980032ECD7 /* Reusables */,
				CD6C1B1F2A509C59001C9230 /* suift_ui_courseApp.swift */,
				CD6C1B232A509C5D001C9230 /* Assets.xcassets */,
				CD6C1B252A509C5D001C9230 /* suift_ui_course.entitlements */,
				CD6C1B262A509C5D001C9230 /* Preview Content */,
			);
			path = suift_ui_course;
			sourceTree = "<group>";
		};
		CD6C1B262A509C5D001C9230 /* Preview Content */ = {
			isa = PBXGroup;
			children = (
				CD6C1B272A509C5D001C9230 /* Preview Assets.xcassets */,
			);
			path = "Preview Content";
			sourceTree = "<group>";
		};
		CDA6C3A32A6217BE005F0B16 /* ViewModel */ = {
			isa = PBXGroup;
			children = (
				CD0DA86A2A58D232003999AE /* Buttons.swift */,
				CDCEE60D2A54DA3E0032ECD7 /* CustomCard.swift */,
			);
			path = ViewModel;
			sourceTree = "<group>";
		};
		CDA6C3A42A621819005F0B16 /* Model */ = {
			isa = PBXGroup;
			children = (
				CD68B4F42A573FD0008C4670 /* CardInfo.swift */,
			);
			path = Model;
			sourceTree = "<group>";
		};
		CDA6C3A52A62186F005F0B16 /* Services */ = {
			isa = PBXGroup;
			children = (
				CDA6C3A62A621896005F0B16 /* DatabaseService.swift */,
			);
			path = Services;
			sourceTree = "<group>";
		};
		CDCEE60F2A54DB980032ECD7 /* Reusables */ = {
			isa = PBXGroup;
			children = (
			);
			path = Reusables;
			sourceTree = "<group>";
		};
/* End PBXGroup section */

/* Begin PBXNativeTarget section */
		CD6C1B1B2A509C59001C9230 /* suift_ui_course */ = {
			isa = PBXNativeTarget;
			buildConfigurationList = CD6C1B2B2A509C5D001C9230 /* Build configuration list for PBXNativeTarget "suift_ui_course" */;
			buildPhases = (
				CD6C1B182A509C59001C9230 /* Sources */,
				CD6C1B192A509C59001C9230 /* Frameworks */,
				CD6C1B1A2A509C59001C9230 /* Resources */,
			);
			buildRules = (
			);
			dependencies = (
			);
			name = suift_ui_course;
			productName = suift_ui_course;
			productReference = CD6C1B1C2A509C59001C9230 /* suift_ui_course.app */;
			productType = "com.apple.product-type.application";
		};
/* End PBXNativeTarget section */

/* Begin PBXProject section */
		CD6C1B142A509C59001C9230 /* Project object */ = {
			isa = PBXProject;
			attributes = {
				BuildIndependentTargetsInParallel = 1;
				LastSwiftUpdateCheck = 1420;
				LastUpgradeCheck = 1420;
				TargetAttributes = {
					CD6C1B1B2A509C59001C9230 = {
						CreatedOnToolsVersion = 14.2;
					};
				};
			};
			buildConfigurationList = CD6C1B172A509C59001C9230 /* Build configuration list for PBXProject "suift_ui_course" */;
			compatibilityVersion = "Xcode 14.0";
			developmentRegion = en;
			hasScannedForEncodings = 0;
			knownRegions = (
				en,
				Base,
			);
			mainGroup = CD6C1B132A509C59001C9230;
			productRefGroup = CD6C1B1D2A509C59001C9230 /* Products */;
			projectDirPath = "";
			projectRoot = "";
			targets = (
				CD6C1B1B2A509C59001C9230 /* suift_ui_course */,
			);
		};
/* End PBXProject section */

/* Begin PBXResourcesBuildPhase section */
		CD6C1B1A2A509C59001C9230 /* Resources */ = {
			isa = PBXResourcesBuildPhase;
			buildActionMask = 2147483647;
			files = (
				CD6C1B282A509C5D001C9230 /* Preview Assets.xcassets in Resources */,
				CD6C1B242A509C5D001C9230 /* Assets.xcassets in Resources */,
			);
			runOnlyForDeploymentPostprocessing = 0;
		};
/* End PBXResourcesBuildPhase section */

/* Begin PBXSourcesBuildPhase section */
		CD6C1B182A509C59001C9230 /* Sources */ = {
			isa = PBXSourcesBuildPhase;
			buildActionMask = 2147483647;
			files = (
				CD0DA86B2A58D232003999AE /* Buttons.swift in Sources */,
				CD6C1B222A509C59001C9230 /* ContentView.swift in Sources */,
				CDCEE60E2A54DA3E0032ECD7 /* CustomCard.swift in Sources */,
				CD68B4F72A579BE2008C4670 /* SplashScreenView.swift in Sources */,
				CD6C1B202A509C59001C9230 /* suift_ui_courseApp.swift in Sources */,
				CD0DA8692A58C227003999AE /* MenuList.swift in Sources */,
				CDA6C3A72A621896005F0B16 /* DatabaseService.swift in Sources */,
				CD68B4F52A573FD0008C4670 /* CardInfo.swift in Sources */,
			);
			runOnlyForDeploymentPostprocessing = 0;
		};
/* End PBXSourcesBuildPhase section */

/* Begin XCBuildConfiguration section */
		CD6C1B292A509C5D001C9230 /* Debug */ = {
			isa = XCBuildConfiguration;
			buildSettings = {
				ALWAYS_SEARCH_USER_PATHS = NO;
				CLANG_ANALYZER_NONNULL = YES;
				CLANG_ANALYZER_NUMBER_OBJECT_CONVERSION = YES_AGGRESSIVE;
				CLANG_CXX_LANGUAGE_STANDARD = "gnu++20";
				CLANG_ENABLE_MODULES = YES;
				CLANG_ENABLE_OBJC_ARC = YES;
				CLANG_ENABLE_OBJC_WEAK = YES;
				CLANG_WARN_BLOCK_CAPTURE_AUTORELEASING = YES;
				CLANG_WARN_BOOL_CONVERSION = YES;
				CLANG_WARN_COMMA = YES;
				CLANG_WARN_CONSTANT_CONVERSION = YES;
				CLANG_WARN_DEPRECATED_OBJC_IMPLEMENTATIONS = YES;
				CLANG_WARN_DIRECT_OBJC_ISA_USAGE = YES_ERROR;
				CLANG_WARN_DOCUMENTATION_COMMENTS = YES;
				CLANG_WARN_EMPTY_BODY = YES;
				CLANG_WARN_ENUM_CONVERSION = YES;
				CLANG_WARN_INFINITE_RECURSION = YES;
				CLANG_WARN_INT_CONVERSION = YES;
				CLANG_WARN_NON_LITERAL_NULL_CONVERSION = YES;
				CLANG_WARN_OBJC_IMPLICIT_RETAIN_SELF = YES;
				CLANG_WARN_OBJC_LITERAL_CONVERSION = YES;
				CLANG_WARN_OBJC_ROOT_CLASS = YES_ERROR;
				CLANG_WARN_QUOTED_INCLUDE_IN_FRAMEWORK_HEADER = YES;
				CLANG_WARN_RANGE_LOOP_ANALYSIS = YES;
				CLANG_WARN_STRICT_PROTOTYPES = YES;
				CLANG_WARN_SUSPICIOUS_MOVE = YES;
				CLANG_WARN_UNGUARDED_AVAILABILITY = YES_AGGRESSIVE;
				CLANG_WARN_UNREACHABLE_CODE = YES;
				CLANG_WARN__DUPLICATE_METHOD_MATCH = YES;
				COPY_PHASE_STRIP = NO;
				DEBUG_INFORMATION_FORMAT = dwarf;
				ENABLE_STRICT_OBJC_MSGSEND = YES;
				ENABLE_TESTABILITY = YES;
				GCC_C_LANGUAGE_STANDARD = gnu11;
				GCC_DYNAMIC_NO_PIC = NO;
				GCC_NO_COMMON_BLOCKS = YES;
				GCC_OPTIMIZATION_LEVEL = 0;
				GCC_PREPROCESSOR_DEFINITIONS = (
					"DEBUG=1",
					"$(inherited)",
				);
				GCC_WARN_64_TO_32_BIT_CONVERSION = YES;
				GCC_WARN_ABOUT_RETURN_TYPE = YES_ERROR;
				GCC_WARN_UNDECLARED_SELECTOR = YES;
				GCC_WARN_UNINITIALIZED_AUTOS = YES_AGGRESSIVE;
				GCC_WARN_UNUSED_FUNCTION = YES;
				GCC_WARN_UNUSED_VARIABLE = YES;
				MTL_ENABLE_DEBUG_INFO = INCLUDE_SOURCE;
				MTL_FAST_MATH = YES;
				ONLY_ACTIVE_ARCH = YES;
				SWIFT_ACTIVE_COMPILATION_CONDITIONS = DEBUG;
				SWIFT_OPTIMIZATION_LEVEL = "-Onone";
			};
			name = Debug;
		};
		CD6C1B2A2A509C5D001C9230 /* Release */ = {
			isa = XCBuildConfiguration;
			buildSettings = {
				ALWAYS_SEARCH_USER_PATHS = NO;
				CLANG_ANALYZER_NONNULL = YES;
				CLANG_ANALYZER_NUMBER_OBJECT_CONVERSION = YES_AGGRESSIVE;
				CLANG_CXX_LANGUAGE_STANDARD = "gnu++20";
				CLANG_ENABLE_MODULES = YES;
				CLANG_ENABLE_OBJC_ARC = YES;
				CLANG_ENABLE_OBJC_WEAK = YES;
				CLANG_WARN_BLOCK_CAPTURE_AUTORELEASING = YES;
				CLANG_WARN_BOOL_CONVERSION = YES;
				CLANG_WARN_COMMA = YES;
				CLANG_WARN_CONSTANT_CONVERSION = YES;
				CLANG_WARN_DEPRECATED_OBJC_IMPLEMENTATIONS = YES;
				CLANG_WARN_DIRECT_OBJC_ISA_USAGE = YES_ERROR;
				CLANG_WARN_DOCUMENTATION_COMMENTS = YES;
				CLANG_WARN_EMPTY_BODY = YES;
				CLANG_WARN_ENUM_CONVERSION = YES;
				CLANG_WARN_INFINITE_RECURSION = YES;
				CLANG_WARN_INT_CONVERSION = YES;
				CLANG_WARN_NON_LITERAL_NULL_CONVERSION = YES;
				CLANG_WARN_OBJC_IMPLICIT_RETAIN_SELF = YES;
				CLANG_WARN_OBJC_LITERAL_CONVERSION = YES;
				CLANG_WARN_OBJC_ROOT_CLASS = YES_ERROR;
				CLANG_WARN_QUOTED_INCLUDE_IN_FRAMEWORK_HEADER = YES;
				CLANG_WARN_RANGE_LOOP_ANALYSIS = YES;
				CLANG_WARN_STRICT_PROTOTYPES = YES;
				CLANG_WARN_SUSPICIOUS_MOVE = YES;
				CLANG_WARN_UNGUARDED_AVAILABILITY = YES_AGGRESSIVE;
				CLANG_WARN_UNREACHABLE_CODE = YES;
				CLANG_WARN__DUPLICATE_METHOD_MATCH = YES;
				COPY_PHASE_STRIP = NO;
				DEBUG_INFORMATION_FORMAT = "dwarf-with-dsym";
				ENABLE_NS_ASSERTIONS = NO;
				ENABLE_STRICT_OBJC_MSGSEND = YES;
				GCC_C_LANGUAGE_STANDARD = gnu11;
				GCC_NO_COMMON_BLOCKS = YES;
				GCC_WARN_64_TO_32_BIT_CONVERSION = YES;
				GCC_WARN_ABOUT_RETURN_TYPE = YES_ERROR;
				GCC_WARN_UNDECLARED_SELECTOR = YES;
				GCC_WARN_UNINITIALIZED_AUTOS = YES_AGGRESSIVE;
				GCC_WARN_UNUSED_FUNCTION = YES;
				GCC_WARN_UNUSED_VARIABLE = YES;
				MTL_ENABLE_DEBUG_INFO = NO;
				MTL_FAST_MATH = YES;
				SWIFT_COMPILATION_MODE = wholemodule;
				SWIFT_OPTIMIZATION_LEVEL = "-O";
			};
			name = Release;
		};
		CD6C1B2C2A509C5D001C9230 /* Debug */ = {
			isa = XCBuildConfiguration;
			buildSettings = {
				ASSETCATALOG_COMPILER_APPICON_NAME = AppIcon;
				ASSETCATALOG_COMPILER_GLOBAL_ACCENT_COLOR_NAME = AccentColor;
				CODE_SIGN_ENTITLEMENTS = suift_ui_course/suift_ui_course.entitlements;
				CODE_SIGN_STYLE = Automatic;
				CURRENT_PROJECT_VERSION = 1;
				DEVELOPMENT_ASSET_PATHS = "\"suift_ui_course/Preview Content\"";
				DEVELOPMENT_TEAM = 55H339J6U9;
				ENABLE_HARDENED_RUNTIME = YES;
				ENABLE_PREVIEWS = YES;
				GENERATE_INFOPLIST_FILE = YES;
				INFOPLIST_KEY_CFBundleDisplayName = ToonCards;
				INFOPLIST_KEY_LSApplicationCategoryType = "public.app-category.entertainment";
				"INFOPLIST_KEY_UIApplicationSceneManifest_Generation[sdk=iphoneos*]" = YES;
				"INFOPLIST_KEY_UIApplicationSceneManifest_Generation[sdk=iphonesimulator*]" = YES;
				"INFOPLIST_KEY_UIApplicationSupportsIndirectInputEvents[sdk=iphoneos*]" = YES;
				"INFOPLIST_KEY_UIApplicationSupportsIndirectInputEvents[sdk=iphonesimulator*]" = YES;
				"INFOPLIST_KEY_UILaunchScreen_Generation[sdk=iphoneos*]" = YES;
				"INFOPLIST_KEY_UILaunchScreen_Generation[sdk=iphonesimulator*]" = YES;
				INFOPLIST_KEY_UILaunchStoryboardName = AppIcon;
				INFOPLIST_KEY_UIRequiresFullScreen = YES;
				"INFOPLIST_KEY_UIStatusBarStyle[sdk=iphoneos*]" = UIStatusBarStyleDefault;
				"INFOPLIST_KEY_UIStatusBarStyle[sdk=iphonesimulator*]" = UIStatusBarStyleDefault;
				INFOPLIST_KEY_UISupportedInterfaceOrientations = UIInterfaceOrientationPortrait;
				IPHONEOS_DEPLOYMENT_TARGET = 16.2;
				LD_RUNPATH_SEARCH_PATHS = "@executable_path/Frameworks";
				"LD_RUNPATH_SEARCH_PATHS[sdk=macosx*]" = "@executable_path/../Frameworks";
				MACOSX_DEPLOYMENT_TARGET = 12.6;
				MARKETING_VERSION = 1.0;
				PRODUCT_BUNDLE_IDENTIFIER = "com.skylinefuturistic.suift-ui-course";
				PRODUCT_NAME = "$(TARGET_NAME)";
				SDKROOT = auto;
				SUPPORTED_PLATFORMS = "iphoneos iphonesimulator macosx";
				SWIFT_EMIT_LOC_STRINGS = YES;
				SWIFT_VERSION = 5.0;
				TARGETED_DEVICE_FAMILY = "1,2";
			};
			name = Debug;
		};
		CD6C1B2D2A509C5D001C9230 /* Release */ = {
			isa = XCBuildConfiguration;
			buildSettings = {
				ASSETCATALOG_COMPILER_APPICON_NAME = AppIcon;
				ASSETCATALOG_COMPILER_GLOBAL_ACCENT_COLOR_NAME = AccentColor;
				CODE_SIGN_ENTITLEMENTS = suift_ui_course/suift_ui_course.entitlements;
				CODE_SIGN_STYLE = Automatic;
				CURRENT_PROJECT_VERSION = 1;
				DEVELOPMENT_ASSET_PATHS = "\"suift_ui_course/Preview Content\"";
				DEVELOPMENT_TEAM = 55H339J6U9;
				ENABLE_HARDENED_RUNTIME = YES;
				ENABLE_PREVIEWS = YES;
				GENERATE_INFOPLIST_FILE = YES;
				INFOPLIST_KEY_CFBundleDisplayName = ToonCards;
				INFOPLIST_KEY_LSApplicationCategoryType = "public.app-category.entertainment";
				"INFOPLIST_KEY_UIApplicationSceneManifest_Generation[sdk=iphoneos*]" = YES;
				"INFOPLIST_KEY_UIApplicationSceneManifest_Generation[sdk=iphonesimulator*]" = YES;
				"INFOPLIST_KEY_UIApplicationSupportsIndirectInputEvents[sdk=iphoneos*]" = YES;
				"INFOPLIST_KEY_UIApplicationSupportsIndirectInputEvents[sdk=iphonesimulator*]" = YES;
				"INFOPLIST_KEY_UILaunchScreen_Generation[sdk=iphoneos*]" = YES;
				"INFOPLIST_KEY_UILaunchScreen_Generation[sdk=iphonesimulator*]" = YES;
				INFOPLIST_KEY_UILaunchStoryboardName = AppIcon;
				INFOPLIST_KEY_UIRequiresFullScreen = YES;
				"INFOPLIST_KEY_UIStatusBarStyle[sdk=iphoneos*]" = UIStatusBarStyleDefault;
				"INFOPLIST_KEY_UIStatusBarStyle[sdk=iphonesimulator*]" = UIStatusBarStyleDefault;
				INFOPLIST_KEY_UISupportedInterfaceOrientations = UIInterfaceOrientationPortrait;
				IPHONEOS_DEPLOYMENT_TARGET = 16.2;
				LD_RUNPATH_SEARCH_PATHS = "@executable_path/Frameworks";
				"LD_RUNPATH_SEARCH_PATHS[sdk=macosx*]" = "@executable_path/../Frameworks";
				MACOSX_DEPLOYMENT_TARGET = 12.6;
				MARKETING_VERSION = 1.0;
				PRODUCT_BUNDLE_IDENTIFIER = "com.skylinefuturistic.suift-ui-course";
				PRODUCT_NAME = "$(TARGET_NAME)";
				SDKROOT = auto;
				SUPPORTED_PLATFORMS = "iphoneos iphonesimulator macosx";
				SWIFT_EMIT_LOC_STRINGS = YES;
				SWIFT_VERSION = 5.0;
				TARGETED_DEVICE_FAMILY = "1,2";
			};
			name = Release;
		};
/* End XCBuildConfiguration section */

/* Begin XCConfigurationList section */
		CD6C1B172A509C59001C9230 /* Build configuration list for PBXProject "suift_ui_course" */ = {
			isa = XCConfigurationList;
			buildConfigurations = (
				CD6C1B292A509C5D001C9230 /* Debug */,
				CD6C1B2A2A509C5D001C9230 /* Release */,
			);
			defaultConfigurationIsVisible = 0;
			defaultConfigurationName = Release;
		};
		CD6C1B2B2A509C5D001C9230 /* Build configuration list for PBXNativeTarget "suift_ui_course" */ = {
			isa = XCConfigurationList;
			buildConfigurations = (
				CD6C1B2C2A509C5D001C9230 /* Debug */,
				CD6C1B2D2A509C5D001C9230 /* Release */,
			);
			defaultConfigurationIsVisible = 0;
			defaultConfigurationName = Release;
		};
/* End XCConfigurationList section */
	};
	rootObject = CD6C1B142A509C59001C9230 /* Project object */;
}
